
Microsoft Visual Studio Solution File, Format Version 12.00
# Visual Studio 2013
VisualStudioVersion = 12.0.30723.0
MinimumVisualStudioVersion = 10.0.40219.1
Project("{FAE04EC0-301F-11D3-BF4B-00C04F79EFBC}") = "FTPConfig", "FTPConfig\FTPConfig.csproj", "{D8A4D4EF-84F4-49A2-8838-29DBD86891BF}"
EndProject
Project("{FAE04EC0-301F-11D3-BF4B-00C04F79EFBC}") = "FTPUtil", "FTPUtil\FTPUtil.csproj", "{BC27FB09-EC61-46B8-A51D-3282FE0C6D98}"
EndProject
Project("{FAE04EC0-301F-11D3-BF4B-00C04F79EFBC}") = "FTPTest", "FTPTest\FTPTest.csproj", "{F5EE599E-1843-4929-9AF4-1564A2B66470}"
EndProject
Project("{FAE04EC0-301F-11D3-BF4B-00C04F79EFBC}") = "UploadService", "UploadService\UploadService.csproj", "{C8846DFC-3774-48AF-94B5-3051EFB65B5E}"
EndProject
Global
	GlobalSection(SolutionConfigurationPlatforms) = preSolution
		Debug|Any CPU = Debug|Any CPU
		Release|Any CPU = Release|Any CPU
	EndGlobalSection
	GlobalSection(ProjectConfigurationPlatforms) = postSolution
		{D8A4D4EF-84F4-49A2-8838-29DBD86891BF}.Debug|Any CPU.ActiveCfg = Debug|Any CPU
		{D8A4D4EF-84F4-49A2-8838-29DBD86891BF}.Debug|Any CPU.Build.0 = Debug|Any CPU
		{D8A4D4EF-84F4-49A2-8838-29DBD86891BF}.Release|Any CPU.ActiveCfg = Release|Any CPU
		{D8A4D4EF-84F4-49A2-8838-29DBD86891BF}.Release|Any CPU.Build.0 = Release|Any CPU
		{BC27FB09-EC61-46B8-A51D-3282FE0C6D98}.Debug|Any CPU.ActiveCfg = Debug|Any CPU
		{BC27FB09-EC61-46B8-A51D-3282FE0C6D98}.Debug|Any CPU.Build.0 = Debug|Any CPU
		{BC27FB09-EC61-46B8-A51D-3282FE0C6D98}.Release|Any CPU.ActiveCfg = Release|Any CPU
		{BC27FB09-EC61-46B8-A51D-3282FE0C6D98}.Release|Any CPU.Build.0 = Release|Any CPU
		{F5EE599E-1843-4929-9AF4-1564A2B66470}.Debug|Any CPU.ActiveCfg = Debug|Any CPU
		{F5EE599E-1843-4929-9AF4-1564A2B66470}.Debug|Any CPU.Build.0 = Debug|Any CPU
		{F5EE599E-1843-4929-9AF4-1564A2B66470}.Release|Any CPU.ActiveCfg = Release|Any CPU
		{F5EE599E-1843-4929-9AF4-1564A2B66470}.Release|Any CPU.Build.0 = Release|Any CPU
		{C8846DFC-3774-48AF-94B5-3051EFB65B5E}.Debug|Any CPU.ActiveCfg = Debug|Any CPU
		{C8846DFC-3774-48AF-94B5-3051EFB65B5E}.Debug|Any CPU.Build.0 = Debug|Any CPU
		{C8846DFC-3774-48AF-94B5-3051EFB65B5E}.Release|Any CPU.ActiveCfg = Release|Any CPU
		{C8846DFC-3774-48AF-94B5-3051EFB65B5E}.Release|Any CPU.Build.0 = Release|Any CPU
	EndGlobalSection
	GlobalSection(SolutionProperties) = preSolution
		HideSolutionNode = FALSE
	EndGlobalSection
EndGlobal
